
Microsoft Visual Studio Solution File, Format Version 12.00
# Visual Studio 2012
Project("{FAE04EC0-301F-11D3-BF4B-00C04F79EFBC}") = "Dojo", "DojoCountLines\Dojo.csproj", "{B000E8EA-3D4E-4F3C-8A70-1819A9724FD8}"
EndProject
Project("{FAE04EC0-301F-11D3-BF4B-00C04F79EFBC}") = "Dojo.Test", "DojoCountLines.Test\Dojo.Test.csproj", "{AD4AABD8-CDB7-495C-AF91-A1067CC1B93E}"
EndProject
Global
	GlobalSection(SolutionConfigurationPlatforms) = preSolution
		Debug|Any CPU = Debug|Any CPU
		Release|Any CPU = Release|Any CPU
	EndGlobalSection
	GlobalSection(ProjectConfigurationPlatforms) = postSolution
		{B000E8EA-3D4E-4F3C-8A70-1819A9724FD8}.Debug|Any CPU.ActiveCfg = Debug|Any CPU
		{B000E8EA-3D4E-4F3C-8A70-1819A9724FD8}.Debug|Any CPU.Build.0 = Debug|Any CPU
		{B000E8EA-3D4E-4F3C-8A70-1819A9724FD8}.Release|Any CPU.ActiveCfg = Release|Any CPU
		{B000E8EA-3D4E-4F3C-8A70-1819A9724FD8}.Release|Any CPU.Build.0 = Release|Any CPU
		{AD4AABD8-CDB7-495C-AF91-A1067CC1B93E}.Debug|Any CPU.ActiveCfg = Debug|Any CPU
		{AD4AABD8-CDB7-495C-AF91-A1067CC1B93E}.Debug|Any CPU.Build.0 = Debug|Any CPU
		{AD4AABD8-CDB7-495C-AF91-A1067CC1B93E}.Release|Any CPU.ActiveCfg = Release|Any CPU
		{AD4AABD8-CDB7-495C-AF91-A1067CC1B93E}.Release|Any CPU.Build.0 = Release|Any CPU
	EndGlobalSection
	GlobalSection(SolutionProperties) = preSolution
		HideSolutionNode = FALSE
	EndGlobalSection
EndGlobal
